{
  "name": "tonweb-contract",
  "version": "0.0.1",
  "lockfileVersion": 1,
  "requires": true,
  "dependencies": {
    "tonweb-boc": {
      "version": "file:../tonweb-boc",
      "requires": {
        "tonweb-utils": "file:../tonweb-utils"
      },
      "dependencies": {
        "tonweb-utils": {
          "version": "file:../tonweb-utils",
          "requires": {
            "bn.js": "^5.1.1",
            "tweetnacl": "^1.0.3"
          },
          "dependencies": {
            "bn.js": {
              "version": "5.1.1",
              "resolved": "https://registry.npmjs.org/bn.js/-/bn.js-5.1.1.tgz",
              "integrity": "sha512-IUTD/REb78Z2eodka1QZyyEk66pciRcP6Sroka0aI3tG/iwIdYLrBD62RsubR7vqdt3WyX8p4jxeatzmRSphtA=="
            },
            "tweetnacl": {
              "version": "1.0.3",
              "resolved": "https://registry.npmjs.org/tweetnacl/-/tweetnacl-1.0.3.tgz",
              "integrity": "sha512-6rt+RN7aOi1nGMyC4Xa5DdYiukl2UWCbcJft7YhxReBGQD7OAM8Pbxw6YMo4r2diNEA8FEmu32YOn9rhaiE5yw=="
            }
          }
        }
      }
    },
    "tonweb-utils": {
      "version": "file:../tonweb-utils",
      "requires": {
        "bn.js": "^5.1.1",
        "tweetnacl": "^1.0.3"
      },
      "dependencies": {
        "bn.js": {
          "version": "5.1.1",
          "resolved": "https://registry.npmjs.org/bn.js/-/bn.js-5.1.1.tgz",
          "integrity": "sha512-IUTD/REb78Z2eodka1QZyyEk66pciRcP6Sroka0aI3tG/iwIdYLrBD62RsubR7vqdt3WyX8p4jxeatzmRSphtA=="
        },
        "tweetnacl": {
          "version": "1.0.3",
          "resolved": "https://registry.npmjs.org/tweetnacl/-/tweetnacl-1.0.3.tgz",
          "integrity": "sha512-6rt+RN7aOi1nGMyC4Xa5DdYiukl2UWCbcJft7YhxReBGQD7OAM8Pbxw6YMo4r2diNEA8FEmu32YOn9rhaiE5yw=="
        }
      }
    }
  }
}
